// !$*UTF8*$!
{
	archiveVersion = 1;
	classes = {
	};
	objectVersion = 48;
	objects = {

/* Begin PBXBuildFile section */
		B44F68EA1F95E0FE0097E9AB /* AppDelegate.swift in Sources */ = {isa = PBXBuildFile; fileRef = B44F68E91F95E0FE0097E9AB /* AppDelegate.swift */; };
		B44F68EC1F95E0FE0097E9AB /* ViewController.swift in Sources */ = {isa = PBXBuildFile; fileRef = B44F68EB1F95E0FE0097E9AB /* ViewController.swift */; };
		B44F68EF1F95E0FE0097E9AB /* Main.storyboard in Resources */ = {isa = PBXBuildFile; fileRef = B44F68ED1F95E0FE0097E9AB /* Main.storyboard */; };
		B44F68F11F95E0FE0097E9AB /* Assets.xcassets in Resources */ = {isa = PBXBuildFile; fileRef = B44F68F01F95E0FE0097E9AB /* Assets.xcassets */; };
		B44F68F41F95E0FE0097E9AB /* LaunchScreen.storyboard in Resources */ = {isa = PBXBuildFile; fileRef = B44F68F21F95E0FE0097E9AB /* LaunchScreen.storyboard */; };
		B44F68FC1F95E13D0097E9AB /* HEVC.swift in Sources */ = {isa = PBXBuildFile; fileRef = B44F68FB1F95E13D0097E9AB /* HEVC.swift */; };
/* End PBXBuildFile section */

/* Begin PBXFileReference section */
		B44F68E61F95E0FE0097E9AB /* HEVC.app */ = {isa = PBXFileReference; explicitFileType = wrapper.application; includeInIndex = 0; path = HEVC.app; sourceTree = BUILT_PRODUCTS_DIR; };
		B44F68E91F95E0FE0097E9AB /* AppDelegate.swift */ = {isa = PBXFileReference; lastKnownFileType = sourcecode.swift; path = AppDelegate.swift; sourceTree = "<group>"; };
		B44F68EB1F95E0FE0097E9AB /* ViewController.swift */ = {isa = PBXFileReference; lastKnownFileType = sourcecode.swift; path = ViewController.swift; sourceTree = "<group>"; };
		B44F68EE1F95E0FE0097E9AB /* Base */ = {isa = PBXFileReference; lastKnownFileType = file.storyboard; name = Base; path = Base.lproj/Main.storyboard; sourceTree = "<group>"; };
		B44F68F01F95E0FE0097E9AB /* Assets.xcassets */ = {isa = PBXFileReference; lastKnownFileType = folder.assetcatalog; path = Assets.xcassets; sourceTree = "<group>"; };
		B44F68F31F95E0FE0097E9AB /* Base */ = {isa = PBXFileReference; lastKnownFileType = file.storyboard; name = Base; path = Base.lproj/LaunchScreen.storyboard; sourceTree = "<group>"; };
		B44F68F51F95E0FE0097E9AB /* Info.plist */ = {isa = PBXFileReference; lastKnownFileType = text.plist.xml; path = Info.plist; sourceTree = "<group>"; };
		B44F68FB1F95E13D0097E9AB /* HEVC.swift */ = {isa = PBXFileReference; lastKnownFileType = sourcecode.swift; path = HEVC.swift; sourceTree = "<group>"; };
/* End PBXFileReference section */

/* Begin PBXFrameworksBuildPhase section */
		B44F68E31F95E0FE0097E9AB /* Frameworks */ = {
			isa = PBXFrameworksBuildPhase;
			buildActionMask = 2147483647;
			files = (
			);
			runOnlyForDeploymentPostprocessing = 0;
		};
/* End PBXFrameworksBuildPhase section */

/* Begin PBXGroup section */
		B44F68DD1F95E0FE0097E9AB = {
			isa = PBXGroup;
			children = (
				B44F68E81F95E0FE0097E9AB /* HEVC */,
				B44F68E71F95E0FE0097E9AB /* Products */,
			);
			sourceTree = "<group>";
		};
		B44F68E71F95E0FE0097E9AB /* Products */ = {
			isa = PBXGroup;
			children = (
				B44F68E61F95E0FE0097E9AB /* HEVC.app */,
			);
			name = Products;
			sourceTree = "<group>";
		};
		B44F68E81F95E0FE0097E9AB /* HEVC */ = {
			isa = PBXGroup;
			children = (
				B44F68E91F95E0FE0097E9AB /* AppDelegate.swift */,
				B44F68EB1F95E0FE0097E9AB /* ViewController.swift */,
				B44F68FB1F95E13D0097E9AB /* HEVC.swift */,
				B44F68ED1F95E0FE0097E9AB /* Main.storyboard */,
				B44F68F01F95E0FE0097E9AB /* Assets.xcassets */,
				B44F68F21F95E0FE0097E9AB /* LaunchScreen.storyboard */,
				B44F68F51F95E0FE0097E9AB /* Info.plist */,
			);
			path = HEVC;
			sourceTree = "<group>";
		};
/* End PBXGroup section */

/* Begin PBXNativeTarget section */
		B44F68E51F95E0FE0097E9AB /* HEVC */ = {
			isa = PBXNativeTarget;
			buildConfigurationList = B44F68F81F95E0FE0097E9AB /* Build configuration list for PBXNativeTarget "HEVC" */;
			buildPhases = (
				B44F68E21F95E0FE0097E9AB /* Sources */,
				B44F68E31F95E0FE0097E9AB /* Frameworks */,
				B44F68E41F95E0FE0097E9AB /* Resources */,
			);
			buildRules = (
			);
			dependencies = (
			);
			name = HEVC;
			productName = HEVC;
			productReference = B44F68E61F95E0FE0097E9AB /* HEVC.app */;
			productType = "com.apple.product-type.application";
		};
/* End PBXNativeTarget section */

/* Begin PBXProject section */
		B44F68DE1F95E0FE0097E9AB /* Project object */ = {
			isa = PBXProject;
			attributes = {
				LastSwiftUpdateCheck = 0900;
				LastUpgradeCheck = 0900;
				ORGANIZATIONNAME = Bluelich;
				TargetAttributes = {
					B44F68E51F95E0FE0097E9AB = {
						CreatedOnToolsVersion = 9.0;
						ProvisioningStyle = Automatic;
					};
				};
			};
			buildConfigurationList = B44F68E11F95E0FE0097E9AB /* Build configuration list for PBXProject "HEVC" */;
			compatibilityVersion = "Xcode 8.0";
			developmentRegion = en;
			hasScannedForEncodings = 0;
			knownRegions = (
				en,
				Base,
			);
			mainGroup = B44F68DD1F95E0FE0097E9AB;
			productRefGroup = B44F68E71F95E0FE0097E9AB /* Products */;
			projectDirPath = "";
			projectRoot = "";
			targets = (
				B44F68E51F95E0FE0097E9AB /* HEVC */,
			);
		};
/* End PBXProject section */

/* Begin PBXResourcesBuildPhase section */
		B44F68E41F95E0FE0097E9AB /* Resources */ = {
			isa = PBXResourcesBuildPhase;
			buildActionMask = 2147483647;
			files = (
				B44F68F41F95E0FE0097E9AB /* LaunchScreen.storyboard in Resources */,
				B44F68F11F95E0FE0097E9AB /* Assets.xcassets in Resources */,
				B44F68EF1F95E0FE0097E9AB /* Main.storyboard in Resources */,
			);
			runOnlyForDeploymentPostprocessing = 0;
		};
/* End PBXResourcesBuildPhase section */

/* Begin PBXSourcesBuildPhase section */
		B44F68E21F95E0FE0097E9AB /* Sources */ = {
			isa = PBXSourcesBuildPhase;
			buildActionMask = 2147483647;
			files = (
				B44F68EC1F95E0FE0097E9AB /* ViewController.swift in Sources */,
				B44F68EA1F95E0FE0097E9AB /* AppDelegate.swift in Sources */,
				B44F68FC1F95E13D0097E9AB /* HEVC.swift in Sources */,
			);
			runOnlyForDeploymentPostprocessing = 0;
		};
/* End PBXSourcesBuildPhase section */

/* Begin PBXVariantGroup section */
		B44F68ED1F95E0FE0097E9AB /* Main.storyboard */ = {
			isa = PBXVariantGroup;
			children = (
				B44F68EE1F95E0FE0097E9AB /* Base */,
			);
			name = Main.storyboard;
			sourceTree = "<group>";
		};
		B44F68F21F95E0FE0097E9AB /* LaunchScreen.storyboard */ = {
			isa = PBXVariantGroup;
			children = (
				B44F68F31F95E0FE0097E9AB /* Base */,
			);
			name = LaunchScreen.storyboard;
			sourceTree = "<group>";
		};
/* End PBXVariantGroup section */

/* Begin XCBuildConfiguration section */
		B44F68F61F95E0FE0097E9AB /* Debug */ = {
			isa = XCBuildConfiguration;
			buildSettings = {
				ALWAYS_SEARCH_USER_PATHS = NO;
				CLANG_ANALYZER_NONNULL = YES;
				CLANG_ANALYZER_NUMBER_OBJECT_CONVERSION = YES_AGGRESSIVE;
				CLANG_CXX_LANGUAGE_STANDARD = "gnu++14";
				CLANG_CXX_LIBRARY = "libc++";
				CLANG_ENABLE_MODULES = YES;
				CLANG_ENABLE_OBJC_ARC = YES;
				CLANG_WARN_BLOCK_CAPTURE_AUTORELEASING = YES;
				CLANG_WARN_BOOL_CONVERSION = YES;
				CLANG_WARN_COMMA = YES;
				CLANG_WARN_CONSTANT_CONVERSION = YES;
				CLANG_WARN_DIRECT_OBJC_ISA_USAGE = YES_ERROR;
				CLANG_WARN_DOCUMENTATION_COMMENTS = YES;
				CLANG_WARN_EMPTY_BODY = YES;
				CLANG_WARN_ENUM_CONVERSION = YES;
				CLANG_WARN_INFINITE_RECURSION = YES;
				CLANG_WARN_INT_CONVERSION = YES;
				CLANG_WARN_NON_LITERAL_NULL_CONVERSION = YES;
				CLANG_WARN_OBJC_LITERAL_CONVERSION = YES;
				CLANG_WARN_OBJC_ROOT_CLASS = YES_ERROR;
				CLANG_WARN_RANGE_LOOP_ANALYSIS = YES;
				CLANG_WARN_STRICT_PROTOTYPES = YES;
				CLANG_WARN_SUSPICIOUS_MOVE = YES;
				CLANG_WARN_UNGUARDED_AVAILABILITY = YES_AGGRESSIVE;
				CLANG_WARN_UNREACHABLE_CODE = YES;
				CLANG_WARN__DUPLICATE_METHOD_MATCH = YES;
				CODE_SIGN_IDENTITY = "iPhone Developer";
				COPY_PHASE_STRIP = NO;
				DEBUG_INFORMATION_FORMAT = dwarf;
				ENABLE_STRICT_OBJC_MSGSEND = YES;
				ENABLE_TESTABILITY = YES;
				GCC_C_LANGUAGE_STANDARD = gnu11;
				GCC_DYNAMIC_NO_PIC = NO;
				GCC_NO_COMMON_BLOCKS = YES;
				GCC_OPTIMIZATION_LEVEL = 0;
				GCC_PREPROCESSOR_DEFINITIONS = (
					"DEBUG=1",
					"$(inherited)",
				);
				GCC_WARN_64_TO_32_BIT_CONVERSION = YES;
				GCC_WARN_ABOUT_RETURN_TYPE = YES_ERROR;
				GCC_WARN_UNDECLARED_SELECTOR = YES;
				GCC_WARN_UNINITIALIZED_AUTOS = YES_AGGRESSIVE;
				GCC_WARN_UNUSED_FUNCTION = YES;
				GCC_WARN_UNUSED_VARIABLE = YES;
				IPHONEOS_DEPLOYMENT_TARGET = 11.0;
				MTL_ENABLE_DEBUG_INFO = YES;
				ONLY_ACTIVE_ARCH = YES;
				SDKROOT = iphoneos;
				SWIFT_ACTIVE_COMPILATION_CONDITIONS = DEBUG;
				SWIFT_OPTIMIZATION_LEVEL = "-Onone";
			};
			name = Debug;
		};
		B44F68F71F95E0FE0097E9AB /* Release */ = {
			isa = XCBuildConfiguration;
			buildSettings = {
				ALWAYS_SEARCH_USER_PATHS = NO;
				CLANG_ANALYZER_NONNULL = YES;
				CLANG_ANALYZER_NUMBER_OBJECT_CONVERSION = YES_AGGRESSIVE;
				CLANG_CXX_LANGUAGE_STANDARD = "gnu++14";
				CLANG_CXX_LIBRARY = "libc++";
				CLANG_ENABLE_MODULES = YES;
				CLANG_ENABLE_OBJC_ARC = YES;
				CLANG_WARN_BLOCK_CAPTURE_AUTORELEASING = YES;
				CLANG_WARN_BOOL_CONVERSION = YES;
				CLANG_WARN_COMMA = YES;
				CLANG_WARN_CONSTANT_CONVERSION = YES;
				CLANG_WARN_DIRECT_OBJC_ISA_USAGE = YES_ERROR;
				CLANG_WARN_DOCUMENTATION_COMMENTS = YES;
				CLANG_WARN_EMPTY_BODY = YES;
				CLANG_WARN_ENUM_CONVERSION = YES;
				CLANG_WARN_INFINITE_RECURSION = YES;
				CLANG_WARN_INT_CONVERSION = YES;
				CLANG_WARN_NON_LITERAL_NULL_CONVERSION = YES;
				CLANG_WARN_OBJC_LITERAL_CONVERSION = YES;
				CLANG_WARN_OBJC_ROOT_CLASS = YES_ERROR;
				CLANG_WARN_RANGE_LOOP_ANALYSIS = YES;
				CLANG_WARN_STRICT_PROTOTYPES = YES;
				CLANG_WARN_SUSPICIOUS_MOVE = YES;
				CLANG_WARN_UNGUARDED_AVAILABILITY = YES_AGGRESSIVE;
				CLANG_WARN_UNREACHABLE_CODE = YES;
				CLANG_WARN__DUPLICATE_METHOD_MATCH = YES;
				CODE_SIGN_IDENTITY = "iPhone Developer";
				COPY_PHASE_STRIP = NO;
				DEBUG_INFORMATION_FORMAT = "dwarf-with-dsym";
				ENABLE_NS_ASSERTIONS = NO;
				ENABLE_STRICT_OBJC_MSGSEND = YES;
				GCC_C_LANGUAGE_STANDARD = gnu11;
				GCC_NO_COMMON_BLOCKS = YES;
				GCC_WARN_64_TO_32_BIT_CONVERSION = YES;
				GCC_WARN_ABOUT_RETURN_TYPE = YES_ERROR;
				GCC_WARN_UNDECLARED_SELECTOR = YES;
				GCC_WARN_UNINITIALIZED_AUTOS = YES_AGGRESSIVE;
				GCC_WARN_UNUSED_FUNCTION = YES;
				GCC_WARN_UNUSED_VARIABLE = YES;
				IPHONEOS_DEPLOYMENT_TARGET = 11.0;
				MTL_ENABLE_DEBUG_INFO = NO;
				SDKROOT = iphoneos;
				SWIFT_OPTIMIZATION_LEVEL = "-Owholemodule";
				VALIDATE_PRODUCT = YES;
			};
			name = Release;
		};
		B44F68F91F95E0FE0097E9AB /* Debug */ = {
			isa = XCBuildConfiguration;
			buildSettings = {
				ASSETCATALOG_COMPILER_APPICON_NAME = AppIcon;
				"CODE_SIGN_IDENTITY[sdk=iphoneos*]" = "iPhone Developer";
				CODE_SIGN_STYLE = Automatic;
				DEVELOPMENT_TEAM = VX3477C4M7;
				INFOPLIST_FILE = HEVC/Info.plist;
				IPHONEOS_DEPLOYMENT_TARGET = 11.0;
				LD_RUNPATH_SEARCH_PATHS = "$(inherited) @executable_path/Frameworks";
				PRODUCT_BUNDLE_IDENTIFIER = com.yiqi.appt;
				PRODUCT_NAME = "$(TARGET_NAME)";
				PROVISIONING_PROFILE = "";
				PROVISIONING_PROFILE_SPECIFIER = "";
				SWIFT_VERSION = 4.0;
				TARGETED_DEVICE_FAMILY = "1,2";
			};
			name = Debug;
		};
		B44F68FA1F95E0FE0097E9AB /* Release */ = {
			isa = XCBuildConfiguration;
			buildSettings = {
				ASSETCATALOG_COMPILER_APPICON_NAME = AppIcon;
				"CODE_SIGN_IDENTITY[sdk=iphoneos*]" = "iPhone Developer";
				CODE_SIGN_STYLE = Automatic;
				DEVELOPMENT_TEAM = VX3477C4M7;
				INFOPLIST_FILE = HEVC/Info.plist;
				IPHONEOS_DEPLOYMENT_TARGET = 11.0;
				LD_RUNPATH_SEARCH_PATHS = "$(inherited) @executable_path/Frameworks";
				PRODUCT_BUNDLE_IDENTIFIER = com.yiqi.appt;
				PRODUCT_NAME = "$(TARGET_NAME)";
				PROVISIONING_PROFILE = "";
				PROVISIONING_PROFILE_SPECIFIER = "";
				SWIFT_VERSION = 4.0;
				TARGETED_DEVICE_FAMILY = "1,2";
			};
			name = Release;
		};
/* End XCBuildConfiguration section */

/* Begin XCConfigurationList section */
		B44F68E11F95E0FE0097E9AB /* Build configuration list for PBXProject "HEVC" */ = {
			isa = XCConfigurationList;
			buildConfigurations = (
				B44F68F61F95E0FE0097E9AB /* Debug */,
				B44F68F71F95E0FE0097E9AB /* Release */,
			);
			defaultConfigurationIsVisible = 0;
			defaultConfigurationName = Release;
		};
		B44F68F81F95E0FE0097E9AB /* Build configuration list for PBXNativeTarget "HEVC" */ = {
			isa = XCConfigurationList;
			buildConfigurations = (
				B44F68F91F95E0FE0097E9AB /* Debug */,
				B44F68FA1F95E0FE0097E9AB /* Release */,
			);
			defaultConfigurationIsVisible = 0;
			defaultConfigurationName = Release;
		};
/* End XCConfigurationList section */
	};
	rootObject = B44F68DE1F95E0FE0097E9AB /* Project object */;
}
